
Microsoft Visual Studio Solution File, Format Version 12.00
# Visual Studio Version 17
VisualStudioVersion = 17.9.34902.65
MinimumVisualStudioVersion = 10.0.40219.1
Project("{2150E333-8FDC-42A3-9474-1A3956D46DE8}") = "Framework", "Framework", "{8539B2CC-2BCD-4086-A35B-7DCEBD85BBF4}"
EndProject
Project("{9A19103F-16F7-4668-BE54-9A1E7A4F7556}") = "Shared", "Framework\Shared\Shared.csproj", "{86FAF893-A440-49B0-8E91-555A62217E7A}"
EndProject
Project("{9A19103F-16F7-4668-BE54-9A1E7A4F7556}") = "Communication", "Framework\Communication\Communication.csproj", "{F225BED3-3977-4B0C-B1F1-8AB85229F924}"
EndProject
Project("{9A19103F-16F7-4668-BE54-9A1E7A4F7556}") = "ExternalServices", "Framework\ExternalServices\ExternalServices.csproj", "{5BB742E6-08A4-4DFA-BBCA-AE53FCF060C2}"
EndProject
Project("{2150E333-8FDC-42A3-9474-1A3956D46DE8}") = "AtronTracker", "AtronTracker", "{02EA681E-C7D8-13C7-8484-4AC65E1B71E8}"
EndProject
Project("{FAE04EC0-301F-11D3-BF4B-00C04F79EFBC}") = "IoC", "Framework\IoC\IoC.csproj", "{EEBC29C8-8005-08EC-65F9-D5A445B4236B}"
EndProject
Project("{FAE04EC0-301F-11D3-BF4B-00C04F79EFBC}") = "WebApi", "AtronTracker\WebApi\WebApi.csproj", "{23275758-3C48-D462-8DFB-BECD365B7CE5}"
EndProject
Project("{FAE04EC0-301F-11D3-BF4B-00C04F79EFBC}") = "Infrastructure", "AtronTracker\Infrastructure\Infrastructure.csproj", "{132D9BCE-2947-B7DD-0FF8-31C0083D3EEE}"
EndProject
Project("{FAE04EC0-301F-11D3-BF4B-00C04F79EFBC}") = "Domain", "AtronTracker\Domain\Domain.csproj", "{0CDB8804-7C89-8667-7C1D-AE2F2C5D99ED}"
EndProject
Project("{FAE04EC0-301F-11D3-BF4B-00C04F79EFBC}") = "Application", "AtronTracker\Application\Application.csproj", "{7A75D7E3-3C44-0ECB-5016-9F88FCA298C2}"
EndProject
Project("{FAE04EC0-301F-11D3-BF4B-00C04F79EFBC}") = "Atron.WebViews", "Atron.WebViews\Atron.WebViews.csproj", "{725600FF-34C6-A9F5-B70D-11A340BEBF8F}"
EndProject
Project("{2150E333-8FDC-42A3-9474-1A3956D46DE8}") = "AtronStock", "AtronStock", "{1E05F7A5-1B5E-4B76-8C9C-F92EA222993A}"
EndProject
Project("{FAE04EC0-301F-11D3-BF4B-00C04F79EFBC}") = "AtronStock.Domain", "AtronStock\Domain\AtronStock.Domain.csproj", "{C7D1325B-BB5F-4F32-AA01-9BDFF2D7B8E0}"
EndProject
Project("{FAE04EC0-301F-11D3-BF4B-00C04F79EFBC}") = "AtronStock.Application", "AtronStock\Application\AtronStock.Application.csproj", "{BF2B30CE-4E81-46B6-BF65-838AA815CFFB}"
EndProject
Project("{FAE04EC0-301F-11D3-BF4B-00C04F79EFBC}") = "AtronStock.Infrastructure", "AtronStock\Infrastructure\AtronStock.Infrastructure.csproj", "{B807996B-74EC-4CC5-A004-5B43527CDB5F}"
EndProject
Project("{FAE04EC0-301F-11D3-BF4B-00C04F79EFBC}") = "AtronStock.WebApi", "AtronStock\WebApi\AtronStock.WebApi.csproj", "{6134D0C2-0C6F-4E59-9281-25A054128137}"
EndProject
Project("{2150E333-8FDC-42A3-9474-1A3956D46DE8}") = "AtronAudit", "AtronAudit", "{867CC91A-D7FB-4FFA-8AE3-5167EF1191B2}"
EndProject
Project("{FAE04EC0-301F-11D3-BF4B-00C04F79EFBC}") = "AtronAuditoria", "AtronAudit\AtronAuditoria\AtronAuditoria.csproj", "{065B7F8A-CEE1-4A52-B59C-3EBB1C76DC3B}"
EndProject
Global
	GlobalSection(SolutionConfigurationPlatforms) = preSolution
		Debug|Any CPU = Debug|Any CPU
		Release|Any CPU = Release|Any CPU
	EndGlobalSection
	GlobalSection(ProjectConfigurationPlatforms) = postSolution
		{86FAF893-A440-49B0-8E91-555A62217E7A}.Debug|Any CPU.ActiveCfg = Debug|Any CPU
		{86FAF893-A440-49B0-8E91-555A62217E7A}.Debug|Any CPU.Build.0 = Debug|Any CPU
		{86FAF893-A440-49B0-8E91-555A62217E7A}.Release|Any CPU.ActiveCfg = Release|Any CPU
		{86FAF893-A440-49B0-8E91-555A62217E7A}.Release|Any CPU.Build.0 = Release|Any CPU
		{F225BED3-3977-4B0C-B1F1-8AB85229F924}.Debug|Any CPU.ActiveCfg = Debug|Any CPU
		{F225BED3-3977-4B0C-B1F1-8AB85229F924}.Debug|Any CPU.Build.0 = Debug|Any CPU
		{F225BED3-3977-4B0C-B1F1-8AB85229F924}.Release|Any CPU.ActiveCfg = Release|Any CPU
		{F225BED3-3977-4B0C-B1F1-8AB85229F924}.Release|Any CPU.Build.0 = Release|Any CPU
		{5BB742E6-08A4-4DFA-BBCA-AE53FCF060C2}.Debug|Any CPU.ActiveCfg = Debug|Any CPU
		{5BB742E6-08A4-4DFA-BBCA-AE53FCF060C2}.Debug|Any CPU.Build.0 = Debug|Any CPU
		{5BB742E6-08A4-4DFA-BBCA-AE53FCF060C2}.Release|Any CPU.ActiveCfg = Release|Any CPU
		{5BB742E6-08A4-4DFA-BBCA-AE53FCF060C2}.Release|Any CPU.Build.0 = Release|Any CPU
		{EEBC29C8-8005-08EC-65F9-D5A445B4236B}.Debug|Any CPU.ActiveCfg = Debug|Any CPU
		{EEBC29C8-8005-08EC-65F9-D5A445B4236B}.Debug|Any CPU.Build.0 = Debug|Any CPU
		{EEBC29C8-8005-08EC-65F9-D5A445B4236B}.Release|Any CPU.ActiveCfg = Release|Any CPU
		{EEBC29C8-8005-08EC-65F9-D5A445B4236B}.Release|Any CPU.Build.0 = Release|Any CPU
		{23275758-3C48-D462-8DFB-BECD365B7CE5}.Debug|Any CPU.ActiveCfg = Debug|Any CPU
		{23275758-3C48-D462-8DFB-BECD365B7CE5}.Debug|Any CPU.Build.0 = Debug|Any CPU
		{23275758-3C48-D462-8DFB-BECD365B7CE5}.Release|Any CPU.ActiveCfg = Release|Any CPU
		{23275758-3C48-D462-8DFB-BECD365B7CE5}.Release|Any CPU.Build.0 = Release|Any CPU
		{132D9BCE-2947-B7DD-0FF8-31C0083D3EEE}.Debug|Any CPU.ActiveCfg = Debug|Any CPU
		{132D9BCE-2947-B7DD-0FF8-31C0083D3EEE}.Debug|Any CPU.Build.0 = Debug|Any CPU
		{132D9BCE-2947-B7DD-0FF8-31C0083D3EEE}.Release|Any CPU.ActiveCfg = Release|Any CPU
		{132D9BCE-2947-B7DD-0FF8-31C0083D3EEE}.Release|Any CPU.Build.0 = Release|Any CPU
		{0CDB8804-7C89-8667-7C1D-AE2F2C5D99ED}.Debug|Any CPU.ActiveCfg = Debug|Any CPU
		{0CDB8804-7C89-8667-7C1D-AE2F2C5D99ED}.Debug|Any CPU.Build.0 = Debug|Any CPU
		{0CDB8804-7C89-8667-7C1D-AE2F2C5D99ED}.Release|Any CPU.ActiveCfg = Release|Any CPU
		{0CDB8804-7C89-8667-7C1D-AE2F2C5D99ED}.Release|Any CPU.Build.0 = Release|Any CPU
		{7A75D7E3-3C44-0ECB-5016-9F88FCA298C2}.Debug|Any CPU.ActiveCfg = Debug|Any CPU
		{7A75D7E3-3C44-0ECB-5016-9F88FCA298C2}.Debug|Any CPU.Build.0 = Debug|Any CPU
		{7A75D7E3-3C44-0ECB-5016-9F88FCA298C2}.Release|Any CPU.ActiveCfg = Release|Any CPU
		{7A75D7E3-3C44-0ECB-5016-9F88FCA298C2}.Release|Any CPU.Build.0 = Release|Any CPU
		{725600FF-34C6-A9F5-B70D-11A340BEBF8F}.Debug|Any CPU.ActiveCfg = Debug|Any CPU
		{725600FF-34C6-A9F5-B70D-11A340BEBF8F}.Debug|Any CPU.Build.0 = Debug|Any CPU
		{725600FF-34C6-A9F5-B70D-11A340BEBF8F}.Release|Any CPU.ActiveCfg = Release|Any CPU
		{725600FF-34C6-A9F5-B70D-11A340BEBF8F}.Release|Any CPU.Build.0 = Release|Any CPU
		{C7D1325B-BB5F-4F32-AA01-9BDFF2D7B8E0}.Debug|Any CPU.ActiveCfg = Debug|Any CPU
		{C7D1325B-BB5F-4F32-AA01-9BDFF2D7B8E0}.Debug|Any CPU.Build.0 = Debug|Any CPU
		{C7D1325B-BB5F-4F32-AA01-9BDFF2D7B8E0}.Release|Any CPU.ActiveCfg = Release|Any CPU
		{C7D1325B-BB5F-4F32-AA01-9BDFF2D7B8E0}.Release|Any CPU.Build.0 = Release|Any CPU
		{BF2B30CE-4E81-46B6-BF65-838AA815CFFB}.Debug|Any CPU.ActiveCfg = Debug|Any CPU
		{BF2B30CE-4E81-46B6-BF65-838AA815CFFB}.Debug|Any CPU.Build.0 = Debug|Any CPU
		{BF2B30CE-4E81-46B6-BF65-838AA815CFFB}.Release|Any CPU.ActiveCfg = Release|Any CPU
		{BF2B30CE-4E81-46B6-BF65-838AA815CFFB}.Release|Any CPU.Build.0 = Release|Any CPU
		{B807996B-74EC-4CC5-A004-5B43527CDB5F}.Debug|Any CPU.ActiveCfg = Debug|Any CPU
		{B807996B-74EC-4CC5-A004-5B43527CDB5F}.Debug|Any CPU.Build.0 = Debug|Any CPU
		{B807996B-74EC-4CC5-A004-5B43527CDB5F}.Release|Any CPU.ActiveCfg = Release|Any CPU
		{B807996B-74EC-4CC5-A004-5B43527CDB5F}.Release|Any CPU.Build.0 = Release|Any CPU
		{6134D0C2-0C6F-4E59-9281-25A054128137}.Debug|Any CPU.ActiveCfg = Debug|Any CPU
		{6134D0C2-0C6F-4E59-9281-25A054128137}.Debug|Any CPU.Build.0 = Debug|Any CPU
		{6134D0C2-0C6F-4E59-9281-25A054128137}.Release|Any CPU.ActiveCfg = Release|Any CPU
		{6134D0C2-0C6F-4E59-9281-25A054128137}.Release|Any CPU.Build.0 = Release|Any CPU
		{065B7F8A-CEE1-4A52-B59C-3EBB1C76DC3B}.Debug|Any CPU.ActiveCfg = Debug|Any CPU
		{065B7F8A-CEE1-4A52-B59C-3EBB1C76DC3B}.Debug|Any CPU.Build.0 = Debug|Any CPU
		{065B7F8A-CEE1-4A52-B59C-3EBB1C76DC3B}.Release|Any CPU.ActiveCfg = Release|Any CPU
		{065B7F8A-CEE1-4A52-B59C-3EBB1C76DC3B}.Release|Any CPU.Build.0 = Release|Any CPU
	EndGlobalSection
	GlobalSection(SolutionProperties) = preSolution
		HideSolutionNode = FALSE
	EndGlobalSection
	GlobalSection(NestedProjects) = preSolution
		{86FAF893-A440-49B0-8E91-555A62217E7A} = {8539B2CC-2BCD-4086-A35B-7DCEBD85BBF4}
		{F225BED3-3977-4B0C-B1F1-8AB85229F924} = {8539B2CC-2BCD-4086-A35B-7DCEBD85BBF4}
		{5BB742E6-08A4-4DFA-BBCA-AE53FCF060C2} = {8539B2CC-2BCD-4086-A35B-7DCEBD85BBF4}
		{EEBC29C8-8005-08EC-65F9-D5A445B4236B} = {8539B2CC-2BCD-4086-A35B-7DCEBD85BBF4}
		{23275758-3C48-D462-8DFB-BECD365B7CE5} = {02EA681E-C7D8-13C7-8484-4AC65E1B71E8}
		{132D9BCE-2947-B7DD-0FF8-31C0083D3EEE} = {02EA681E-C7D8-13C7-8484-4AC65E1B71E8}
		{0CDB8804-7C89-8667-7C1D-AE2F2C5D99ED} = {02EA681E-C7D8-13C7-8484-4AC65E1B71E8}
		{7A75D7E3-3C44-0ECB-5016-9F88FCA298C2} = {02EA681E-C7D8-13C7-8484-4AC65E1B71E8}
		{C7D1325B-BB5F-4F32-AA01-9BDFF2D7B8E0} = {1E05F7A5-1B5E-4B76-8C9C-F92EA222993A}
		{BF2B30CE-4E81-46B6-BF65-838AA815CFFB} = {1E05F7A5-1B5E-4B76-8C9C-F92EA222993A}
		{B807996B-74EC-4CC5-A004-5B43527CDB5F} = {1E05F7A5-1B5E-4B76-8C9C-F92EA222993A}
		{6134D0C2-0C6F-4E59-9281-25A054128137} = {1E05F7A5-1B5E-4B76-8C9C-F92EA222993A}
		{065B7F8A-CEE1-4A52-B59C-3EBB1C76DC3B} = {867CC91A-D7FB-4FFA-8AE3-5167EF1191B2}
	EndGlobalSection
	GlobalSection(ExtensibilityGlobals) = postSolution
		SolutionGuid = {76F4151D-172C-4239-BF99-E9C71E81BD38}
	EndGlobalSection
EndGlobal
