
Microsoft Visual Studio Solution File, Format Version 12.00
# Visual Studio Version 17
VisualStudioVersion = 17.9.34902.65
MinimumVisualStudioVersion = 10.0.40219.1
Project("{2150E333-8FDC-42A3-9474-1A3956D46DE8}") = "Framework", "Framework", "{8539B2CC-2BCD-4086-A35B-7DCEBD85BBF4}"
EndProject
Project("{9A19103F-16F7-4668-BE54-9A1E7A4F7556}") = "Notification", "Framework\Notification\Notification.csproj", "{63BCD80A-D113-4D7D-B626-F838D19932A0}"
EndProject
Project("{9A19103F-16F7-4668-BE54-9A1E7A4F7556}") = "Atron.Domain", "Atron.Domain\Atron.Domain.csproj", "{F0EE1EBE-747B-44E8-AE05-8715C5BCC8D5}"
EndProject
Project("{9A19103F-16F7-4668-BE54-9A1E7A4F7556}") = "Atron.Infrastructure", "Atron.Infrastructure\Atron.Infrastructure.csproj", "{0AF24505-DE43-4A25-8A67-389787509981}"
EndProject
Project("{9A19103F-16F7-4668-BE54-9A1E7A4F7556}") = "Atron.Infra.IoC", "Atron.Infra.IoC\Atron.Infra.IoC.csproj", "{2FC0F7D9-733A-4339-B95A-44A6D220B70E}"
EndProject
Project("{9A19103F-16F7-4668-BE54-9A1E7A4F7556}") = "Atron.Application", "Atron.Application\Atron.Application.csproj", "{1F8C93F7-FBC6-4280-BCAE-7CC321F4204A}"
EndProject
Project("{9A19103F-16F7-4668-BE54-9A1E7A4F7556}") = "Atron.WebViews", "Atron.WebViews\Atron.WebViews.csproj", "{79B33563-3EAB-48F9-9CBC-16D2189F9192}"
EndProject
Project("{9A19103F-16F7-4668-BE54-9A1E7A4F7556}") = "Shared", "Framework\Shared\Shared.csproj", "{86FAF893-A440-49B0-8E91-555A62217E7A}"
EndProject
Project("{9A19103F-16F7-4668-BE54-9A1E7A4F7556}") = "Communication", "Framework\Communication\Communication.csproj", "{F225BED3-3977-4B0C-B1F1-8AB85229F924}"
EndProject
Project("{9A19103F-16F7-4668-BE54-9A1E7A4F7556}") = "ExternalServices", "Framework\ExternalServices\ExternalServices.csproj", "{5BB742E6-08A4-4DFA-BBCA-AE53FCF060C2}"
EndProject
Project("{FAE04EC0-301F-11D3-BF4B-00C04F79EFBC}") = "Atron.WebApi", "Atron.WebApi\Atron.WebApi.csproj", "{27F889AF-D98E-4D08-9DB6-9407F088902D}"
EndProject
Project("{2150E333-8FDC-42A3-9474-1A3956D46DE8}") = "Itens de Solução", "Itens de Solução", "{C8E95E49-4E58-4EB4-B156-82E6EF79D14B}"
	ProjectSection(SolutionItems) = preProject
		README.md = README.md
	EndProjectSection
EndProject
Project("{2150E333-8FDC-42A3-9474-1A3956D46DE8}") = "Scripts", "Scripts", "{5540A906-1B69-45A3-8E6F-D3E0B41D4307}"
EndProject
Global
	GlobalSection(SolutionConfigurationPlatforms) = preSolution
		Debug|Any CPU = Debug|Any CPU
		Release|Any CPU = Release|Any CPU
	EndGlobalSection
	GlobalSection(ProjectConfigurationPlatforms) = postSolution
		{63BCD80A-D113-4D7D-B626-F838D19932A0}.Debug|Any CPU.ActiveCfg = Debug|Any CPU
		{63BCD80A-D113-4D7D-B626-F838D19932A0}.Debug|Any CPU.Build.0 = Debug|Any CPU
		{63BCD80A-D113-4D7D-B626-F838D19932A0}.Release|Any CPU.ActiveCfg = Release|Any CPU
		{63BCD80A-D113-4D7D-B626-F838D19932A0}.Release|Any CPU.Build.0 = Release|Any CPU
		{F0EE1EBE-747B-44E8-AE05-8715C5BCC8D5}.Debug|Any CPU.ActiveCfg = Debug|Any CPU
		{F0EE1EBE-747B-44E8-AE05-8715C5BCC8D5}.Debug|Any CPU.Build.0 = Debug|Any CPU
		{F0EE1EBE-747B-44E8-AE05-8715C5BCC8D5}.Release|Any CPU.ActiveCfg = Release|Any CPU
		{F0EE1EBE-747B-44E8-AE05-8715C5BCC8D5}.Release|Any CPU.Build.0 = Release|Any CPU
		{0AF24505-DE43-4A25-8A67-389787509981}.Debug|Any CPU.ActiveCfg = Debug|Any CPU
		{0AF24505-DE43-4A25-8A67-389787509981}.Debug|Any CPU.Build.0 = Debug|Any CPU
		{0AF24505-DE43-4A25-8A67-389787509981}.Release|Any CPU.ActiveCfg = Release|Any CPU
		{0AF24505-DE43-4A25-8A67-389787509981}.Release|Any CPU.Build.0 = Release|Any CPU
		{2FC0F7D9-733A-4339-B95A-44A6D220B70E}.Debug|Any CPU.ActiveCfg = Debug|Any CPU
		{2FC0F7D9-733A-4339-B95A-44A6D220B70E}.Debug|Any CPU.Build.0 = Debug|Any CPU
		{2FC0F7D9-733A-4339-B95A-44A6D220B70E}.Release|Any CPU.ActiveCfg = Release|Any CPU
		{2FC0F7D9-733A-4339-B95A-44A6D220B70E}.Release|Any CPU.Build.0 = Release|Any CPU
		{1F8C93F7-FBC6-4280-BCAE-7CC321F4204A}.Debug|Any CPU.ActiveCfg = Debug|Any CPU
		{1F8C93F7-FBC6-4280-BCAE-7CC321F4204A}.Debug|Any CPU.Build.0 = Debug|Any CPU
		{1F8C93F7-FBC6-4280-BCAE-7CC321F4204A}.Release|Any CPU.ActiveCfg = Release|Any CPU
		{1F8C93F7-FBC6-4280-BCAE-7CC321F4204A}.Release|Any CPU.Build.0 = Release|Any CPU
		{79B33563-3EAB-48F9-9CBC-16D2189F9192}.Debug|Any CPU.ActiveCfg = Debug|Any CPU
		{79B33563-3EAB-48F9-9CBC-16D2189F9192}.Debug|Any CPU.Build.0 = Debug|Any CPU
		{79B33563-3EAB-48F9-9CBC-16D2189F9192}.Release|Any CPU.ActiveCfg = Release|Any CPU
		{79B33563-3EAB-48F9-9CBC-16D2189F9192}.Release|Any CPU.Build.0 = Release|Any CPU
		{86FAF893-A440-49B0-8E91-555A62217E7A}.Debug|Any CPU.ActiveCfg = Debug|Any CPU
		{86FAF893-A440-49B0-8E91-555A62217E7A}.Debug|Any CPU.Build.0 = Debug|Any CPU
		{86FAF893-A440-49B0-8E91-555A62217E7A}.Release|Any CPU.ActiveCfg = Release|Any CPU
		{86FAF893-A440-49B0-8E91-555A62217E7A}.Release|Any CPU.Build.0 = Release|Any CPU
		{F225BED3-3977-4B0C-B1F1-8AB85229F924}.Debug|Any CPU.ActiveCfg = Debug|Any CPU
		{F225BED3-3977-4B0C-B1F1-8AB85229F924}.Debug|Any CPU.Build.0 = Debug|Any CPU
		{F225BED3-3977-4B0C-B1F1-8AB85229F924}.Release|Any CPU.ActiveCfg = Release|Any CPU
		{F225BED3-3977-4B0C-B1F1-8AB85229F924}.Release|Any CPU.Build.0 = Release|Any CPU
		{5BB742E6-08A4-4DFA-BBCA-AE53FCF060C2}.Debug|Any CPU.ActiveCfg = Debug|Any CPU
		{5BB742E6-08A4-4DFA-BBCA-AE53FCF060C2}.Debug|Any CPU.Build.0 = Debug|Any CPU
		{5BB742E6-08A4-4DFA-BBCA-AE53FCF060C2}.Release|Any CPU.ActiveCfg = Release|Any CPU
		{5BB742E6-08A4-4DFA-BBCA-AE53FCF060C2}.Release|Any CPU.Build.0 = Release|Any CPU
		{27F889AF-D98E-4D08-9DB6-9407F088902D}.Debug|Any CPU.ActiveCfg = Debug|Any CPU
		{27F889AF-D98E-4D08-9DB6-9407F088902D}.Debug|Any CPU.Build.0 = Debug|Any CPU
		{27F889AF-D98E-4D08-9DB6-9407F088902D}.Release|Any CPU.ActiveCfg = Release|Any CPU
		{27F889AF-D98E-4D08-9DB6-9407F088902D}.Release|Any CPU.Build.0 = Release|Any CPU
	EndGlobalSection
	GlobalSection(SolutionProperties) = preSolution
		HideSolutionNode = FALSE
	EndGlobalSection
	GlobalSection(NestedProjects) = preSolution
		{63BCD80A-D113-4D7D-B626-F838D19932A0} = {8539B2CC-2BCD-4086-A35B-7DCEBD85BBF4}
		{86FAF893-A440-49B0-8E91-555A62217E7A} = {8539B2CC-2BCD-4086-A35B-7DCEBD85BBF4}
		{F225BED3-3977-4B0C-B1F1-8AB85229F924} = {8539B2CC-2BCD-4086-A35B-7DCEBD85BBF4}
		{5BB742E6-08A4-4DFA-BBCA-AE53FCF060C2} = {8539B2CC-2BCD-4086-A35B-7DCEBD85BBF4}
		{5540A906-1B69-45A3-8E6F-D3E0B41D4307} = {C8E95E49-4E58-4EB4-B156-82E6EF79D14B}
	EndGlobalSection
	GlobalSection(ExtensibilityGlobals) = postSolution
		SolutionGuid = {76F4151D-172C-4239-BF99-E9C71E81BD38}
	EndGlobalSection
EndGlobal
