
Microsoft Visual Studio Solution File, Format Version 12.00
# Visual Studio Version 18
VisualStudioVersion = 18.8.12009.203
MinimumVisualStudioVersion = 10.0.40219.1
Project("{2150E333-8FDC-42A3-9474-1A3956D46DE8}") = "Framework", "Framework", "{8539B2CC-2BCD-4086-A35B-7DCEBD85BBF4}"
EndProject
Project("{9A19103F-16F7-4668-BE54-9A1E7A4F7556}") = "Shared", "Framework\Shared\Shared.csproj", "{86FAF893-A440-49B0-8E91-555A62217E7A}"
EndProject
Project("{2150E333-8FDC-42A3-9474-1A3956D46DE8}") = "AtronTracker", "AtronTracker", "{02EA681E-C7D8-13C7-8484-4AC65E1B71E8}"
EndProject
Project("{2150E333-8FDC-42A3-9474-1A3956D46DE8}") = "Tests", "Tests", "{8F5A432A-364A-4F17-9EB2-3B5B58C61957}"
EndProject
Project("{FAE04EC0-301F-11D3-BF4B-00C04F79EFBC}") = "IoC", "Framework\IoC\IoC.csproj", "{EEBC29C8-8005-08EC-65F9-D5A445B4236B}"
EndProject
Project("{FAE04EC0-301F-11D3-BF4B-00C04F79EFBC}") = "WebApi", "AtronTracker\WebApi\WebApi.csproj", "{23275758-3C48-D462-8DFB-BECD365B7CE5}"
EndProject
Project("{FAE04EC0-301F-11D3-BF4B-00C04F79EFBC}") = "Infrastructure", "AtronTracker\Infrastructure\Infrastructure.csproj", "{132D9BCE-2947-B7DD-0FF8-31C0083D3EEE}"
EndProject
Project("{FAE04EC0-301F-11D3-BF4B-00C04F79EFBC}") = "Domain", "AtronTracker\Domain\Domain.csproj", "{0CDB8804-7C89-8667-7C1D-AE2F2C5D99ED}"
EndProject
Project("{FAE04EC0-301F-11D3-BF4B-00C04F79EFBC}") = "Application", "AtronTracker\Application\Application.csproj", "{7A75D7E3-3C44-0ECB-5016-9F88FCA298C2}"
EndProject
Project("{2150E333-8FDC-42A3-9474-1A3956D46DE8}") = "AtronStock", "AtronStock", "{1E05F7A5-1B5E-4B76-8C9C-F92EA222993A}"
EndProject
Project("{FAE04EC0-301F-11D3-BF4B-00C04F79EFBC}") = "AtronStock.Domain", "AtronStock\Domain\AtronStock.Domain.csproj", "{C7D1325B-BB5F-4F32-AA01-9BDFF2D7B8E0}"
EndProject
Project("{FAE04EC0-301F-11D3-BF4B-00C04F79EFBC}") = "AtronStock.Application", "AtronStock\Application\AtronStock.Application.csproj", "{BF2B30CE-4E81-46B6-BF65-838AA815CFFB}"
EndProject
Project("{FAE04EC0-301F-11D3-BF4B-00C04F79EFBC}") = "AtronStock.Infrastructure", "AtronStock\Infrastructure\AtronStock.Infrastructure.csproj", "{B807996B-74EC-4CC5-A004-5B43527CDB5F}"
EndProject
Project("{FAE04EC0-301F-11D3-BF4B-00C04F79EFBC}") = "AtronStock.WebApi", "AtronStock\WebApi\AtronStock.WebApi.csproj", "{6134D0C2-0C6F-4E59-9281-25A054128137}"
EndProject
Project("{FAE04EC0-301F-11D3-BF4B-00C04F79EFBC}") = "AtronAuditoria", "AtronAuditoria\AtronAuditoria.csproj", "{163B5F85-5B03-F1F1-055D-E73752864BB2}"
EndProject
Project("{FAE04EC0-301F-11D3-BF4B-00C04F79EFBC}") = "Tracker.Tests", "Tests\Tracker.Tests\Tracker.Tests.csproj", "{506392FD-2371-4ED1-A588-61420D286DDD}"
EndProject
Project("{FAE04EC0-301F-11D3-BF4B-00C04F79EFBC}") = "Stock.Tests", "Tests\Stock.Tests\Stock.Tests.csproj", "{905F9665-1BC6-40BF-8265-19D6B3D611C1}"
EndProject
Project("{FAE04EC0-301F-11D3-BF4B-00C04F79EFBC}") = "Shared.Tests", "Tests\Shared.Tests\Shared.Tests.csproj", "{613FBF2C-7C42-4497-BB75-68229F2ABD12}"
EndProject
Project("{FAE04EC0-301F-11D3-BF4B-00C04F79EFBC}") = "AtronNotificacoes", "AtronNotificacoes\AtronNotificacoes.csproj", "{68EE2224-2BC2-4C0F-98AC-E6663F12BCAE}"
EndProject
Project("{FAE04EC0-301F-11D3-BF4B-00C04F79EFBC}") = "Notificacoes.Tests", "Tests\Notificacoes.Tests\Notificacoes.Tests.csproj", "{C979A7EC-57A9-4C83-8B1F-1C551E506651}"
EndProject
Project("{FAE04EC0-301F-11D3-BF4B-00C04F79EFBC}") = "AtronNotificacoes.Core", "Framework\AtronNotificacoes\AtronNotificacoes.Core.csproj", "{B4102C22-9F8A-43F1-B545-D1E7373032EF}"
EndProject
Global
	GlobalSection(SolutionConfigurationPlatforms) = preSolution
		Debug|Any CPU = Debug|Any CPU
		Debug|x64 = Debug|x64
		Debug|x86 = Debug|x86
		Release|Any CPU = Release|Any CPU
		Release|x64 = Release|x64
		Release|x86 = Release|x86
	EndGlobalSection
	GlobalSection(ProjectConfigurationPlatforms) = postSolution
		{86FAF893-A440-49B0-8E91-555A62217E7A}.Debug|Any CPU.ActiveCfg = Debug|Any CPU
		{86FAF893-A440-49B0-8E91-555A62217E7A}.Debug|Any CPU.Build.0 = Debug|Any CPU
		{86FAF893-A440-49B0-8E91-555A62217E7A}.Debug|x64.ActiveCfg = Debug|Any CPU
		{86FAF893-A440-49B0-8E91-555A62217E7A}.Debug|x64.Build.0 = Debug|Any CPU
		{86FAF893-A440-49B0-8E91-555A62217E7A}.Debug|x86.ActiveCfg = Debug|Any CPU
		{86FAF893-A440-49B0-8E91-555A62217E7A}.Debug|x86.Build.0 = Debug|Any CPU
		{86FAF893-A440-49B0-8E91-555A62217E7A}.Release|Any CPU.ActiveCfg = Release|Any CPU
		{86FAF893-A440-49B0-8E91-555A62217E7A}.Release|Any CPU.Build.0 = Release|Any CPU
		{86FAF893-A440-49B0-8E91-555A62217E7A}.Release|x64.ActiveCfg = Release|Any CPU
		{86FAF893-A440-49B0-8E91-555A62217E7A}.Release|x64.Build.0 = Release|Any CPU
		{86FAF893-A440-49B0-8E91-555A62217E7A}.Release|x86.ActiveCfg = Release|Any CPU
		{86FAF893-A440-49B0-8E91-555A62217E7A}.Release|x86.Build.0 = Release|Any CPU
		{EEBC29C8-8005-08EC-65F9-D5A445B4236B}.Debug|Any CPU.ActiveCfg = Debug|Any CPU
		{EEBC29C8-8005-08EC-65F9-D5A445B4236B}.Debug|Any CPU.Build.0 = Debug|Any CPU
		{EEBC29C8-8005-08EC-65F9-D5A445B4236B}.Debug|x64.ActiveCfg = Debug|Any CPU
		{EEBC29C8-8005-08EC-65F9-D5A445B4236B}.Debug|x64.Build.0 = Debug|Any CPU
		{EEBC29C8-8005-08EC-65F9-D5A445B4236B}.Debug|x86.ActiveCfg = Debug|Any CPU
		{EEBC29C8-8005-08EC-65F9-D5A445B4236B}.Debug|x86.Build.0 = Debug|Any CPU
		{EEBC29C8-8005-08EC-65F9-D5A445B4236B}.Release|Any CPU.ActiveCfg = Release|Any CPU
		{EEBC29C8-8005-08EC-65F9-D5A445B4236B}.Release|Any CPU.Build.0 = Release|Any CPU
		{EEBC29C8-8005-08EC-65F9-D5A445B4236B}.Release|x64.ActiveCfg = Release|Any CPU
		{EEBC29C8-8005-08EC-65F9-D5A445B4236B}.Release|x64.Build.0 = Release|Any CPU
		{EEBC29C8-8005-08EC-65F9-D5A445B4236B}.Release|x86.ActiveCfg = Release|Any CPU
		{EEBC29C8-8005-08EC-65F9-D5A445B4236B}.Release|x86.Build.0 = Release|Any CPU
		{23275758-3C48-D462-8DFB-BECD365B7CE5}.Debug|Any CPU.ActiveCfg = Debug|Any CPU
		{23275758-3C48-D462-8DFB-BECD365B7CE5}.Debug|Any CPU.Build.0 = Debug|Any CPU
		{23275758-3C48-D462-8DFB-BECD365B7CE5}.Debug|x64.ActiveCfg = Debug|Any CPU
		{23275758-3C48-D462-8DFB-BECD365B7CE5}.Debug|x64.Build.0 = Debug|Any CPU
		{23275758-3C48-D462-8DFB-BECD365B7CE5}.Debug|x86.ActiveCfg = Debug|Any CPU
		{23275758-3C48-D462-8DFB-BECD365B7CE5}.Debug|x86.Build.0 = Debug|Any CPU
		{23275758-3C48-D462-8DFB-BECD365B7CE5}.Release|Any CPU.ActiveCfg = Release|Any CPU
		{23275758-3C48-D462-8DFB-BECD365B7CE5}.Release|Any CPU.Build.0 = Release|Any CPU
		{23275758-3C48-D462-8DFB-BECD365B7CE5}.Release|x64.ActiveCfg = Release|Any CPU
		{23275758-3C48-D462-8DFB-BECD365B7CE5}.Release|x64.Build.0 = Release|Any CPU
		{23275758-3C48-D462-8DFB-BECD365B7CE5}.Release|x86.ActiveCfg = Release|Any CPU
		{23275758-3C48-D462-8DFB-BECD365B7CE5}.Release|x86.Build.0 = Release|Any CPU
		{132D9BCE-2947-B7DD-0FF8-31C0083D3EEE}.Debug|Any CPU.ActiveCfg = Debug|Any CPU
		{132D9BCE-2947-B7DD-0FF8-31C0083D3EEE}.Debug|Any CPU.Build.0 = Debug|Any CPU
		{132D9BCE-2947-B7DD-0FF8-31C0083D3EEE}.Debug|x64.ActiveCfg = Debug|Any CPU
		{132D9BCE-2947-B7DD-0FF8-31C0083D3EEE}.Debug|x64.Build.0 = Debug|Any CPU
		{132D9BCE-2947-B7DD-0FF8-31C0083D3EEE}.Debug|x86.ActiveCfg = Debug|Any CPU
		{132D9BCE-2947-B7DD-0FF8-31C0083D3EEE}.Debug|x86.Build.0 = Debug|Any CPU
		{132D9BCE-2947-B7DD-0FF8-31C0083D3EEE}.Release|Any CPU.ActiveCfg = Release|Any CPU
		{132D9BCE-2947-B7DD-0FF8-31C0083D3EEE}.Release|Any CPU.Build.0 = Release|Any CPU
		{132D9BCE-2947-B7DD-0FF8-31C0083D3EEE}.Release|x64.ActiveCfg = Release|Any CPU
		{132D9BCE-2947-B7DD-0FF8-31C0083D3EEE}.Release|x64.Build.0 = Release|Any CPU
		{132D9BCE-2947-B7DD-0FF8-31C0083D3EEE}.Release|x86.ActiveCfg = Release|Any CPU
		{132D9BCE-2947-B7DD-0FF8-31C0083D3EEE}.Release|x86.Build.0 = Release|Any CPU
		{0CDB8804-7C89-8667-7C1D-AE2F2C5D99ED}.Debug|Any CPU.ActiveCfg = Debug|Any CPU
		{0CDB8804-7C89-8667-7C1D-AE2F2C5D99ED}.Debug|Any CPU.Build.0 = Debug|Any CPU
		{0CDB8804-7C89-8667-7C1D-AE2F2C5D99ED}.Debug|x64.ActiveCfg = Debug|Any CPU
		{0CDB8804-7C89-8667-7C1D-AE2F2C5D99ED}.Debug|x64.Build.0 = Debug|Any CPU
		{0CDB8804-7C89-8667-7C1D-AE2F2C5D99ED}.Debug|x86.ActiveCfg = Debug|Any CPU
		{0CDB8804-7C89-8667-7C1D-AE2F2C5D99ED}.Debug|x86.Build.0 = Debug|Any CPU
		{0CDB8804-7C89-8667-7C1D-AE2F2C5D99ED}.Release|Any CPU.ActiveCfg = Release|Any CPU
		{0CDB8804-7C89-8667-7C1D-AE2F2C5D99ED}.Release|Any CPU.Build.0 = Release|Any CPU
		{0CDB8804-7C89-8667-7C1D-AE2F2C5D99ED}.Release|x64.ActiveCfg = Release|Any CPU
		{0CDB8804-7C89-8667-7C1D-AE2F2C5D99ED}.Release|x64.Build.0 = Release|Any CPU
		{0CDB8804-7C89-8667-7C1D-AE2F2C5D99ED}.Release|x86.ActiveCfg = Release|Any CPU
		{0CDB8804-7C89-8667-7C1D-AE2F2C5D99ED}.Release|x86.Build.0 = Release|Any CPU
		{7A75D7E3-3C44-0ECB-5016-9F88FCA298C2}.Debug|Any CPU.ActiveCfg = Debug|Any CPU
		{7A75D7E3-3C44-0ECB-5016-9F88FCA298C2}.Debug|Any CPU.Build.0 = Debug|Any CPU
		{7A75D7E3-3C44-0ECB-5016-9F88FCA298C2}.Debug|x64.ActiveCfg = Debug|Any CPU
		{7A75D7E3-3C44-0ECB-5016-9F88FCA298C2}.Debug|x64.Build.0 = Debug|Any CPU
		{7A75D7E3-3C44-0ECB-5016-9F88FCA298C2}.Debug|x86.ActiveCfg = Debug|Any CPU
		{7A75D7E3-3C44-0ECB-5016-9F88FCA298C2}.Debug|x86.Build.0 = Debug|Any CPU
		{7A75D7E3-3C44-0ECB-5016-9F88FCA298C2}.Release|Any CPU.ActiveCfg = Release|Any CPU
		{7A75D7E3-3C44-0ECB-5016-9F88FCA298C2}.Release|Any CPU.Build.0 = Release|Any CPU
		{7A75D7E3-3C44-0ECB-5016-9F88FCA298C2}.Release|x64.ActiveCfg = Release|Any CPU
		{7A75D7E3-3C44-0ECB-5016-9F88FCA298C2}.Release|x64.Build.0 = Release|Any CPU
		{7A75D7E3-3C44-0ECB-5016-9F88FCA298C2}.Release|x86.ActiveCfg = Release|Any CPU
		{7A75D7E3-3C44-0ECB-5016-9F88FCA298C2}.Release|x86.Build.0 = Release|Any CPU
		{C7D1325B-BB5F-4F32-AA01-9BDFF2D7B8E0}.Debug|Any CPU.ActiveCfg = Debug|Any CPU
		{C7D1325B-BB5F-4F32-AA01-9BDFF2D7B8E0}.Debug|Any CPU.Build.0 = Debug|Any CPU
		{C7D1325B-BB5F-4F32-AA01-9BDFF2D7B8E0}.Debug|x64.ActiveCfg = Debug|Any CPU
		{C7D1325B-BB5F-4F32-AA01-9BDFF2D7B8E0}.Debug|x64.Build.0 = Debug|Any CPU
		{C7D1325B-BB5F-4F32-AA01-9BDFF2D7B8E0}.Debug|x86.ActiveCfg = Debug|Any CPU
		{C7D1325B-BB5F-4F32-AA01-9BDFF2D7B8E0}.Debug|x86.Build.0 = Debug|Any CPU
		{C7D1325B-BB5F-4F32-AA01-9BDFF2D7B8E0}.Release|Any CPU.ActiveCfg = Release|Any CPU
		{C7D1325B-BB5F-4F32-AA01-9BDFF2D7B8E0}.Release|Any CPU.Build.0 = Release|Any CPU
		{C7D1325B-BB5F-4F32-AA01-9BDFF2D7B8E0}.Release|x64.ActiveCfg = Release|Any CPU
		{C7D1325B-BB5F-4F32-AA01-9BDFF2D7B8E0}.Release|x64.Build.0 = Release|Any CPU
		{C7D1325B-BB5F-4F32-AA01-9BDFF2D7B8E0}.Release|x86.ActiveCfg = Release|Any CPU
		{C7D1325B-BB5F-4F32-AA01-9BDFF2D7B8E0}.Release|x86.Build.0 = Release|Any CPU
		{BF2B30CE-4E81-46B6-BF65-838AA815CFFB}.Debug|Any CPU.ActiveCfg = Debug|Any CPU
		{BF2B30CE-4E81-46B6-BF65-838AA815CFFB}.Debug|Any CPU.Build.0 = Debug|Any CPU
		{BF2B30CE-4E81-46B6-BF65-838AA815CFFB}.Debug|x64.ActiveCfg = Debug|Any CPU
		{BF2B30CE-4E81-46B6-BF65-838AA815CFFB}.Debug|x64.Build.0 = Debug|Any CPU
		{BF2B30CE-4E81-46B6-BF65-838AA815CFFB}.Debug|x86.ActiveCfg = Debug|Any CPU
		{BF2B30CE-4E81-46B6-BF65-838AA815CFFB}.Debug|x86.Build.0 = Debug|Any CPU
		{BF2B30CE-4E81-46B6-BF65-838AA815CFFB}.Release|Any CPU.ActiveCfg = Release|Any CPU
		{BF2B30CE-4E81-46B6-BF65-838AA815CFFB}.Release|Any CPU.Build.0 = Release|Any CPU
		{BF2B30CE-4E81-46B6-BF65-838AA815CFFB}.Release|x64.ActiveCfg = Release|Any CPU
		{BF2B30CE-4E81-46B6-BF65-838AA815CFFB}.Release|x64.Build.0 = Release|Any CPU
		{BF2B30CE-4E81-46B6-BF65-838AA815CFFB}.Release|x86.ActiveCfg = Release|Any CPU
		{BF2B30CE-4E81-46B6-BF65-838AA815CFFB}.Release|x86.Build.0 = Release|Any CPU
		{B807996B-74EC-4CC5-A004-5B43527CDB5F}.Debug|Any CPU.ActiveCfg = Debug|Any CPU
		{B807996B-74EC-4CC5-A004-5B43527CDB5F}.Debug|Any CPU.Build.0 = Debug|Any CPU
		{B807996B-74EC-4CC5-A004-5B43527CDB5F}.Debug|x64.ActiveCfg = Debug|Any CPU
		{B807996B-74EC-4CC5-A004-5B43527CDB5F}.Debug|x64.Build.0 = Debug|Any CPU
		{B807996B-74EC-4CC5-A004-5B43527CDB5F}.Debug|x86.ActiveCfg = Debug|Any CPU
		{B807996B-74EC-4CC5-A004-5B43527CDB5F}.Debug|x86.Build.0 = Debug|Any CPU
		{B807996B-74EC-4CC5-A004-5B43527CDB5F}.Release|Any CPU.ActiveCfg = Release|Any CPU
		{B807996B-74EC-4CC5-A004-5B43527CDB5F}.Release|Any CPU.Build.0 = Release|Any CPU
		{B807996B-74EC-4CC5-A004-5B43527CDB5F}.Release|x64.ActiveCfg = Release|Any CPU
		{B807996B-74EC-4CC5-A004-5B43527CDB5F}.Release|x64.Build.0 = Release|Any CPU
		{B807996B-74EC-4CC5-A004-5B43527CDB5F}.Release|x86.ActiveCfg = Release|Any CPU
		{B807996B-74EC-4CC5-A004-5B43527CDB5F}.Release|x86.Build.0 = Release|Any CPU
		{6134D0C2-0C6F-4E59-9281-25A054128137}.Debug|Any CPU.ActiveCfg = Debug|Any CPU
		{6134D0C2-0C6F-4E59-9281-25A054128137}.Debug|Any CPU.Build.0 = Debug|Any CPU
		{6134D0C2-0C6F-4E59-9281-25A054128137}.Debug|x64.ActiveCfg = Debug|Any CPU
		{6134D0C2-0C6F-4E59-9281-25A054128137}.Debug|x64.Build.0 = Debug|Any CPU
		{6134D0C2-0C6F-4E59-9281-25A054128137}.Debug|x86.ActiveCfg = Debug|Any CPU
		{6134D0C2-0C6F-4E59-9281-25A054128137}.Debug|x86.Build.0 = Debug|Any CPU
		{6134D0C2-0C6F-4E59-9281-25A054128137}.Release|Any CPU.ActiveCfg = Release|Any CPU
		{6134D0C2-0C6F-4E59-9281-25A054128137}.Release|Any CPU.Build.0 = Release|Any CPU
		{6134D0C2-0C6F-4E59-9281-25A054128137}.Release|x64.ActiveCfg = Release|Any CPU
		{6134D0C2-0C6F-4E59-9281-25A054128137}.Release|x64.Build.0 = Release|Any CPU
		{6134D0C2-0C6F-4E59-9281-25A054128137}.Release|x86.ActiveCfg = Release|Any CPU
		{6134D0C2-0C6F-4E59-9281-25A054128137}.Release|x86.Build.0 = Release|Any CPU
		{163B5F85-5B03-F1F1-055D-E73752864BB2}.Debug|Any CPU.ActiveCfg = Debug|Any CPU
		{163B5F85-5B03-F1F1-055D-E73752864BB2}.Debug|Any CPU.Build.0 = Debug|Any CPU
		{163B5F85-5B03-F1F1-055D-E73752864BB2}.Debug|x64.ActiveCfg = Debug|Any CPU
		{163B5F85-5B03-F1F1-055D-E73752864BB2}.Debug|x64.Build.0 = Debug|Any CPU
		{163B5F85-5B03-F1F1-055D-E73752864BB2}.Debug|x86.ActiveCfg = Debug|Any CPU
		{163B5F85-5B03-F1F1-055D-E73752864BB2}.Debug|x86.Build.0 = Debug|Any CPU
		{163B5F85-5B03-F1F1-055D-E73752864BB2}.Release|Any CPU.ActiveCfg = Release|Any CPU
		{163B5F85-5B03-F1F1-055D-E73752864BB2}.Release|Any CPU.Build.0 = Release|Any CPU
		{163B5F85-5B03-F1F1-055D-E73752864BB2}.Release|x64.ActiveCfg = Release|Any CPU
		{163B5F85-5B03-F1F1-055D-E73752864BB2}.Release|x64.Build.0 = Release|Any CPU
		{163B5F85-5B03-F1F1-055D-E73752864BB2}.Release|x86.ActiveCfg = Release|Any CPU
		{163B5F85-5B03-F1F1-055D-E73752864BB2}.Release|x86.Build.0 = Release|Any CPU
		{506392FD-2371-4ED1-A588-61420D286DDD}.Debug|Any CPU.ActiveCfg = Debug|Any CPU
		{506392FD-2371-4ED1-A588-61420D286DDD}.Debug|Any CPU.Build.0 = Debug|Any CPU
		{506392FD-2371-4ED1-A588-61420D286DDD}.Debug|x64.ActiveCfg = Debug|Any CPU
		{506392FD-2371-4ED1-A588-61420D286DDD}.Debug|x64.Build.0 = Debug|Any CPU
		{506392FD-2371-4ED1-A588-61420D286DDD}.Debug|x86.ActiveCfg = Debug|Any CPU
		{506392FD-2371-4ED1-A588-61420D286DDD}.Debug|x86.Build.0 = Debug|Any CPU
		{506392FD-2371-4ED1-A588-61420D286DDD}.Release|Any CPU.ActiveCfg = Release|Any CPU
		{506392FD-2371-4ED1-A588-61420D286DDD}.Release|Any CPU.Build.0 = Release|Any CPU
		{506392FD-2371-4ED1-A588-61420D286DDD}.Release|x64.ActiveCfg = Release|Any CPU
		{506392FD-2371-4ED1-A588-61420D286DDD}.Release|x64.Build.0 = Release|Any CPU
		{506392FD-2371-4ED1-A588-61420D286DDD}.Release|x86.ActiveCfg = Release|Any CPU
		{506392FD-2371-4ED1-A588-61420D286DDD}.Release|x86.Build.0 = Release|Any CPU
		{905F9665-1BC6-40BF-8265-19D6B3D611C1}.Debug|Any CPU.ActiveCfg = Debug|Any CPU
		{905F9665-1BC6-40BF-8265-19D6B3D611C1}.Debug|Any CPU.Build.0 = Debug|Any CPU
		{905F9665-1BC6-40BF-8265-19D6B3D611C1}.Debug|x64.ActiveCfg = Debug|Any CPU
		{905F9665-1BC6-40BF-8265-19D6B3D611C1}.Debug|x64.Build.0 = Debug|Any CPU
		{905F9665-1BC6-40BF-8265-19D6B3D611C1}.Debug|x86.ActiveCfg = Debug|Any CPU
		{905F9665-1BC6-40BF-8265-19D6B3D611C1}.Debug|x86.Build.0 = Debug|Any CPU
		{905F9665-1BC6-40BF-8265-19D6B3D611C1}.Release|Any CPU.ActiveCfg = Release|Any CPU
		{905F9665-1BC6-40BF-8265-19D6B3D611C1}.Release|Any CPU.Build.0 = Release|Any CPU
		{905F9665-1BC6-40BF-8265-19D6B3D611C1}.Release|x64.ActiveCfg = Release|Any CPU
		{905F9665-1BC6-40BF-8265-19D6B3D611C1}.Release|x64.Build.0 = Release|Any CPU
		{905F9665-1BC6-40BF-8265-19D6B3D611C1}.Release|x86.ActiveCfg = Release|Any CPU
		{905F9665-1BC6-40BF-8265-19D6B3D611C1}.Release|x86.Build.0 = Release|Any CPU
		{613FBF2C-7C42-4497-BB75-68229F2ABD12}.Debug|Any CPU.ActiveCfg = Debug|Any CPU
		{613FBF2C-7C42-4497-BB75-68229F2ABD12}.Debug|Any CPU.Build.0 = Debug|Any CPU
		{613FBF2C-7C42-4497-BB75-68229F2ABD12}.Debug|x64.ActiveCfg = Debug|Any CPU
		{613FBF2C-7C42-4497-BB75-68229F2ABD12}.Debug|x64.Build.0 = Debug|Any CPU
		{613FBF2C-7C42-4497-BB75-68229F2ABD12}.Debug|x86.ActiveCfg = Debug|Any CPU
		{613FBF2C-7C42-4497-BB75-68229F2ABD12}.Debug|x86.Build.0 = Debug|Any CPU
		{613FBF2C-7C42-4497-BB75-68229F2ABD12}.Release|Any CPU.ActiveCfg = Release|Any CPU
		{613FBF2C-7C42-4497-BB75-68229F2ABD12}.Release|Any CPU.Build.0 = Release|Any CPU
		{613FBF2C-7C42-4497-BB75-68229F2ABD12}.Release|x64.ActiveCfg = Release|Any CPU
		{613FBF2C-7C42-4497-BB75-68229F2ABD12}.Release|x64.Build.0 = Release|Any CPU
		{613FBF2C-7C42-4497-BB75-68229F2ABD12}.Release|x86.ActiveCfg = Release|Any CPU
		{613FBF2C-7C42-4497-BB75-68229F2ABD12}.Release|x86.Build.0 = Release|Any CPU
		{68EE2224-2BC2-4C0F-98AC-E6663F12BCAE}.Debug|Any CPU.ActiveCfg = Debug|Any CPU
		{68EE2224-2BC2-4C0F-98AC-E6663F12BCAE}.Debug|Any CPU.Build.0 = Debug|Any CPU
		{68EE2224-2BC2-4C0F-98AC-E6663F12BCAE}.Debug|x64.ActiveCfg = Debug|Any CPU
		{68EE2224-2BC2-4C0F-98AC-E6663F12BCAE}.Debug|x64.Build.0 = Debug|Any CPU
		{68EE2224-2BC2-4C0F-98AC-E6663F12BCAE}.Debug|x86.ActiveCfg = Debug|Any CPU
		{68EE2224-2BC2-4C0F-98AC-E6663F12BCAE}.Debug|x86.Build.0 = Debug|Any CPU
		{68EE2224-2BC2-4C0F-98AC-E6663F12BCAE}.Release|Any CPU.ActiveCfg = Release|Any CPU
		{68EE2224-2BC2-4C0F-98AC-E6663F12BCAE}.Release|Any CPU.Build.0 = Release|Any CPU
		{68EE2224-2BC2-4C0F-98AC-E6663F12BCAE}.Release|x64.ActiveCfg = Release|Any CPU
		{68EE2224-2BC2-4C0F-98AC-E6663F12BCAE}.Release|x64.Build.0 = Release|Any CPU
		{68EE2224-2BC2-4C0F-98AC-E6663F12BCAE}.Release|x86.ActiveCfg = Release|Any CPU
		{68EE2224-2BC2-4C0F-98AC-E6663F12BCAE}.Release|x86.Build.0 = Release|Any CPU
		{C979A7EC-57A9-4C83-8B1F-1C551E506651}.Debug|Any CPU.ActiveCfg = Debug|Any CPU
		{C979A7EC-57A9-4C83-8B1F-1C551E506651}.Debug|Any CPU.Build.0 = Debug|Any CPU
		{C979A7EC-57A9-4C83-8B1F-1C551E506651}.Debug|x64.ActiveCfg = Debug|Any CPU
		{C979A7EC-57A9-4C83-8B1F-1C551E506651}.Debug|x64.Build.0 = Debug|Any CPU
		{C979A7EC-57A9-4C83-8B1F-1C551E506651}.Debug|x86.ActiveCfg = Debug|Any CPU
		{C979A7EC-57A9-4C83-8B1F-1C551E506651}.Debug|x86.Build.0 = Debug|Any CPU
		{C979A7EC-57A9-4C83-8B1F-1C551E506651}.Release|Any CPU.ActiveCfg = Release|Any CPU
		{C979A7EC-57A9-4C83-8B1F-1C551E506651}.Release|Any CPU.Build.0 = Release|Any CPU
		{C979A7EC-57A9-4C83-8B1F-1C551E506651}.Release|x64.ActiveCfg = Release|Any CPU
		{C979A7EC-57A9-4C83-8B1F-1C551E506651}.Release|x64.Build.0 = Release|Any CPU
		{C979A7EC-57A9-4C83-8B1F-1C551E506651}.Release|x86.ActiveCfg = Release|Any CPU
		{C979A7EC-57A9-4C83-8B1F-1C551E506651}.Release|x86.Build.0 = Release|Any CPU
		{B4102C22-9F8A-43F1-B545-D1E7373032EF}.Debug|Any CPU.ActiveCfg = Debug|Any CPU
		{B4102C22-9F8A-43F1-B545-D1E7373032EF}.Debug|Any CPU.Build.0 = Debug|Any CPU
		{B4102C22-9F8A-43F1-B545-D1E7373032EF}.Debug|x64.ActiveCfg = Debug|Any CPU
		{B4102C22-9F8A-43F1-B545-D1E7373032EF}.Debug|x64.Build.0 = Debug|Any CPU
		{B4102C22-9F8A-43F1-B545-D1E7373032EF}.Debug|x86.ActiveCfg = Debug|Any CPU
		{B4102C22-9F8A-43F1-B545-D1E7373032EF}.Debug|x86.Build.0 = Debug|Any CPU
		{B4102C22-9F8A-43F1-B545-D1E7373032EF}.Release|Any CPU.ActiveCfg = Release|Any CPU
		{B4102C22-9F8A-43F1-B545-D1E7373032EF}.Release|Any CPU.Build.0 = Release|Any CPU
		{B4102C22-9F8A-43F1-B545-D1E7373032EF}.Release|x64.ActiveCfg = Release|Any CPU
		{B4102C22-9F8A-43F1-B545-D1E7373032EF}.Release|x64.Build.0 = Release|Any CPU
		{B4102C22-9F8A-43F1-B545-D1E7373032EF}.Release|x86.ActiveCfg = Release|Any CPU
		{B4102C22-9F8A-43F1-B545-D1E7373032EF}.Release|x86.Build.0 = Release|Any CPU
	EndGlobalSection
	GlobalSection(SolutionProperties) = preSolution
		HideSolutionNode = FALSE
	EndGlobalSection
	GlobalSection(NestedProjects) = preSolution
		{86FAF893-A440-49B0-8E91-555A62217E7A} = {8539B2CC-2BCD-4086-A35B-7DCEBD85BBF4}
		{EEBC29C8-8005-08EC-65F9-D5A445B4236B} = {8539B2CC-2BCD-4086-A35B-7DCEBD85BBF4}
		{23275758-3C48-D462-8DFB-BECD365B7CE5} = {02EA681E-C7D8-13C7-8484-4AC65E1B71E8}
		{132D9BCE-2947-B7DD-0FF8-31C0083D3EEE} = {02EA681E-C7D8-13C7-8484-4AC65E1B71E8}
		{0CDB8804-7C89-8667-7C1D-AE2F2C5D99ED} = {02EA681E-C7D8-13C7-8484-4AC65E1B71E8}
		{7A75D7E3-3C44-0ECB-5016-9F88FCA298C2} = {02EA681E-C7D8-13C7-8484-4AC65E1B71E8}
		{C7D1325B-BB5F-4F32-AA01-9BDFF2D7B8E0} = {1E05F7A5-1B5E-4B76-8C9C-F92EA222993A}
		{BF2B30CE-4E81-46B6-BF65-838AA815CFFB} = {1E05F7A5-1B5E-4B76-8C9C-F92EA222993A}
		{B807996B-74EC-4CC5-A004-5B43527CDB5F} = {1E05F7A5-1B5E-4B76-8C9C-F92EA222993A}
		{6134D0C2-0C6F-4E59-9281-25A054128137} = {1E05F7A5-1B5E-4B76-8C9C-F92EA222993A}
		{506392FD-2371-4ED1-A588-61420D286DDD} = {8F5A432A-364A-4F17-9EB2-3B5B58C61957}
		{905F9665-1BC6-40BF-8265-19D6B3D611C1} = {8F5A432A-364A-4F17-9EB2-3B5B58C61957}
		{613FBF2C-7C42-4497-BB75-68229F2ABD12} = {8F5A432A-364A-4F17-9EB2-3B5B58C61957}
		{C979A7EC-57A9-4C83-8B1F-1C551E506651} = {8F5A432A-364A-4F17-9EB2-3B5B58C61957}
		{B4102C22-9F8A-43F1-B545-D1E7373032EF} = {8539B2CC-2BCD-4086-A35B-7DCEBD85BBF4}
	EndGlobalSection
	GlobalSection(ExtensibilityGlobals) = postSolution
		SolutionGuid = {76F4151D-172C-4239-BF99-E9C71E81BD38}
	EndGlobalSection
EndGlobal
