
Microsoft Visual Studio Solution File, Format Version 12.00
# Visual Studio Version 16
VisualStudioVersion = 16.0.33801.447
MinimumVisualStudioVersion = 10.0.40219.1
Project("{FAE04EC0-301F-11D3-BF4B-00C04F79EFBC}") = "PersonalTracking", "PersonalTracking\PersonalTracking.csproj", "{8407DF48-D477-4728-8608-C170BE025F46}"
EndProject
Project("{FAE04EC0-301F-11D3-BF4B-00C04F79EFBC}") = "BLL", "BLL\BLL.csproj", "{1C35E6E1-A7B1-4568-AC01-8CFD62232933}"
EndProject
Project("{FAE04EC0-301F-11D3-BF4B-00C04F79EFBC}") = "DAL", "DAL\DAL.csproj", "{D70D5B1B-A80A-4CE2-B750-18DA9ACCCCC1}"
EndProject
Project("{FAE04EC0-301F-11D3-BF4B-00C04F79EFBC}") = "NTF", "NTF\NTF.csproj", "{79C84E8F-1E0F-40F5-BF77-A4C98E9A0D95}"
EndProject
Project("{FAE04EC0-301F-11D3-BF4B-00C04F79EFBC}") = "HLP", "HLP\HLP.csproj", "{864F7E9D-8AF3-4D00-B967-B10EBBA8C6C0}"
EndProject
Project("{FAE04EC0-301F-11D3-BF4B-00C04F79EFBC}") = "PersonalTracking.Models", "PersonalTracking.Models\PersonalTracking.Models.csproj", "{0A8A48B0-A2CA-412B-922F-B697F5FBDC0A}"
EndProject
Project("{FAE04EC0-301F-11D3-BF4B-00C04F79EFBC}") = "PersonalTracking.Api", "PersonalTracking.Api\PersonalTracking.Api.csproj", "{DAC861F9-8328-478E-8842-2C01D3DF11F4}"
EndProject
Project("{FAE04EC0-301F-11D3-BF4B-00C04F79EFBC}") = "PersonalTracking.Services", "PersonalTracking.Services\PersonalTracking.Services.csproj", "{1E553EC8-9EC3-4FF7-91EB-05FE167C3221}"
EndProject
Global
	GlobalSection(SolutionConfigurationPlatforms) = preSolution
		Debug|Any CPU = Debug|Any CPU
		Release|Any CPU = Release|Any CPU
	EndGlobalSection
	GlobalSection(ProjectConfigurationPlatforms) = postSolution
		{8407DF48-D477-4728-8608-C170BE025F46}.Debug|Any CPU.ActiveCfg = Debug|Any CPU
		{8407DF48-D477-4728-8608-C170BE025F46}.Debug|Any CPU.Build.0 = Debug|Any CPU
		{8407DF48-D477-4728-8608-C170BE025F46}.Release|Any CPU.ActiveCfg = Release|Any CPU
		{8407DF48-D477-4728-8608-C170BE025F46}.Release|Any CPU.Build.0 = Release|Any CPU
		{1C35E6E1-A7B1-4568-AC01-8CFD62232933}.Debug|Any CPU.ActiveCfg = Debug|Any CPU
		{1C35E6E1-A7B1-4568-AC01-8CFD62232933}.Debug|Any CPU.Build.0 = Debug|Any CPU
		{1C35E6E1-A7B1-4568-AC01-8CFD62232933}.Release|Any CPU.ActiveCfg = Release|Any CPU
		{1C35E6E1-A7B1-4568-AC01-8CFD62232933}.Release|Any CPU.Build.0 = Release|Any CPU
		{D70D5B1B-A80A-4CE2-B750-18DA9ACCCCC1}.Debug|Any CPU.ActiveCfg = Debug|Any CPU
		{D70D5B1B-A80A-4CE2-B750-18DA9ACCCCC1}.Debug|Any CPU.Build.0 = Debug|Any CPU
		{D70D5B1B-A80A-4CE2-B750-18DA9ACCCCC1}.Release|Any CPU.ActiveCfg = Release|Any CPU
		{D70D5B1B-A80A-4CE2-B750-18DA9ACCCCC1}.Release|Any CPU.Build.0 = Release|Any CPU
		{79C84E8F-1E0F-40F5-BF77-A4C98E9A0D95}.Debug|Any CPU.ActiveCfg = Debug|Any CPU
		{79C84E8F-1E0F-40F5-BF77-A4C98E9A0D95}.Debug|Any CPU.Build.0 = Debug|Any CPU
		{79C84E8F-1E0F-40F5-BF77-A4C98E9A0D95}.Release|Any CPU.ActiveCfg = Release|Any CPU
		{79C84E8F-1E0F-40F5-BF77-A4C98E9A0D95}.Release|Any CPU.Build.0 = Release|Any CPU
		{864F7E9D-8AF3-4D00-B967-B10EBBA8C6C0}.Debug|Any CPU.ActiveCfg = Debug|Any CPU
		{864F7E9D-8AF3-4D00-B967-B10EBBA8C6C0}.Debug|Any CPU.Build.0 = Debug|Any CPU
		{864F7E9D-8AF3-4D00-B967-B10EBBA8C6C0}.Release|Any CPU.ActiveCfg = Release|Any CPU
		{864F7E9D-8AF3-4D00-B967-B10EBBA8C6C0}.Release|Any CPU.Build.0 = Release|Any CPU
		{0A8A48B0-A2CA-412B-922F-B697F5FBDC0A}.Debug|Any CPU.ActiveCfg = Debug|Any CPU
		{0A8A48B0-A2CA-412B-922F-B697F5FBDC0A}.Debug|Any CPU.Build.0 = Debug|Any CPU
		{0A8A48B0-A2CA-412B-922F-B697F5FBDC0A}.Release|Any CPU.ActiveCfg = Release|Any CPU
		{0A8A48B0-A2CA-412B-922F-B697F5FBDC0A}.Release|Any CPU.Build.0 = Release|Any CPU
		{DAC861F9-8328-478E-8842-2C01D3DF11F4}.Debug|Any CPU.ActiveCfg = Debug|Any CPU
		{DAC861F9-8328-478E-8842-2C01D3DF11F4}.Debug|Any CPU.Build.0 = Debug|Any CPU
		{DAC861F9-8328-478E-8842-2C01D3DF11F4}.Release|Any CPU.ActiveCfg = Release|Any CPU
		{DAC861F9-8328-478E-8842-2C01D3DF11F4}.Release|Any CPU.Build.0 = Release|Any CPU
		{1E553EC8-9EC3-4FF7-91EB-05FE167C3221}.Debug|Any CPU.ActiveCfg = Debug|Any CPU
		{1E553EC8-9EC3-4FF7-91EB-05FE167C3221}.Debug|Any CPU.Build.0 = Debug|Any CPU
		{1E553EC8-9EC3-4FF7-91EB-05FE167C3221}.Release|Any CPU.ActiveCfg = Release|Any CPU
		{1E553EC8-9EC3-4FF7-91EB-05FE167C3221}.Release|Any CPU.Build.0 = Release|Any CPU
	EndGlobalSection
	GlobalSection(SolutionProperties) = preSolution
		HideSolutionNode = FALSE
	EndGlobalSection
	GlobalSection(ExtensibilityGlobals) = postSolution
		SolutionGuid = {76F4151D-172C-4239-BF99-E9C71E81BD38}
	EndGlobalSection
EndGlobal
